
Microsoft Visual Studio Solution File, Format Version 12.00
# Visual Studio 15
VisualStudioVersion = 15.0.28307.421
MinimumVisualStudioVersion = 10.0.40219.1
Project("{8BC9CEB8-8B4A-11D0-8D11-00A0C91BC942}") = "WGU_C867", "WGU_C867\WGU_C867.vcxproj", "{11C0C988-F072-4F67-B836-479E9C6B1B4E}"
EndProject
Global
	GlobalSection(SolutionConfigurationPlatforms) = preSolution
		Debug|x64 = Debug|x64
		Debug|x86 = Debug|x86
		Release|x64 = Release|x64
		Release|x86 = Release|x86
	EndGlobalSection
	GlobalSection(ProjectConfigurationPlatforms) = postSolution
		{11C0C988-F072-4F67-B836-479E9C6B1B4E}.Debug|x64.ActiveCfg = Debug|x64
		{11C0C988-F072-4F67-B836-479E9C6B1B4E}.Debug|x64.Build.0 = Debug|x64
		{11C0C988-F072-4F67-B836-479E9C6B1B4E}.Debug|x86.ActiveCfg = Debug|Win32
		{11C0C988-F072-4F67-B836-479E9C6B1B4E}.Debug|x86.Build.0 = Debug|Win32
		{11C0C988-F072-4F67-B836-479E9C6B1B4E}.Release|x64.ActiveCfg = Release|x64
		{11C0C988-F072-4F67-B836-479E9C6B1B4E}.Release|x64.Build.0 = Release|x64
		{11C0C988-F072-4F67-B836-479E9C6B1B4E}.Release|x86.ActiveCfg = Release|Win32
		{11C0C988-F072-4F67-B836-479E9C6B1B4E}.Release|x86.Build.0 = Release|Win32
	EndGlobalSection
	GlobalSection(SolutionProperties) = preSolution
		HideSolutionNode = FALSE
	EndGlobalSection
	GlobalSection(ExtensibilityGlobals) = postSolution
		SolutionGuid = {405DC882-1215-452F-A75B-8AAAB3D912B5}
	EndGlobalSection
EndGlobal
